
Microsoft Visual Studio Solution File, Format Version 12.00
# Visual Studio Version 17
VisualStudioVersion = 17.11.35222.181
MinimumVisualStudioVersion = 10.0.40219.1
Project("{FAE04EC0-301F-11D3-BF4B-00C04F79EFBC}") = "EnumProduct", "EnumProduct\EnumProduct.csproj", "{8B407D64-173B-449C-8540-3E1AB51151B9}"
EndProject
Global
	GlobalSection(SolutionConfigurationPlatforms) = preSolution
		Debug|Any CPU = Debug|Any CPU
		Release|Any CPU = Release|Any CPU
	EndGlobalSection
	GlobalSection(ProjectConfigurationPlatforms) = postSolution
		{8B407D64-173B-449C-8540-3E1AB51151B9}.Debug|Any CPU.ActiveCfg = Debug|Any CPU
		{8B407D64-173B-449C-8540-3E1AB51151B9}.Debug|Any CPU.Build.0 = Debug|Any CPU
		{8B407D64-173B-449C-8540-3E1AB51151B9}.Release|Any CPU.ActiveCfg = Release|Any CPU
		{8B407D64-173B-449C-8540-3E1AB51151B9}.Release|Any CPU.Build.0 = Release|Any CPU
	EndGlobalSection
	GlobalSection(SolutionProperties) = preSolution
		HideSolutionNode = FALSE
	EndGlobalSection
	GlobalSection(ExtensibilityGlobals) = postSolution
		SolutionGuid = {942495BB-34B8-4FBD-8429-783106EDDBF7}
	EndGlobalSection
EndGlobal
